// !$*UTF8*$!
{
	archiveVersion = 1;
	classes = {
	};
	objectVersion = 50;
	objects = {

/* Begin PBXBuildFile section */
		8647467525ADF57500D90AF9 /* AppDelegate.swift in Sources */ = {isa = PBXBuildFile; fileRef = 8647467425ADF57500D90AF9 /* AppDelegate.swift */; };
		8647467725ADF57500D90AF9 /* SceneDelegate.swift in Sources */ = {isa = PBXBuildFile; fileRef = 8647467625ADF57500D90AF9 /* SceneDelegate.swift */; };
		8647467925ADF57500D90AF9 /* ViewController.swift in Sources */ = {isa = PBXBuildFile; fileRef = 8647467825ADF57500D90AF9 /* ViewController.swift */; };
		8647467C25ADF57500D90AF9 /* Main.storyboard in Resources */ = {isa = PBXBuildFile; fileRef = 8647467A25ADF57500D90AF9 /* Main.storyboard */; };
		8647467E25ADF57800D90AF9 /* Assets.xcassets in Resources */ = {isa = PBXBuildFile; fileRef = 8647467D25ADF57800D90AF9 /* Assets.xcassets */; };
		8647468125ADF57800D90AF9 /* LaunchScreen.storyboard in Resources */ = {isa = PBXBuildFile; fileRef = 8647467F25ADF57800D90AF9 /* LaunchScreen.storyboard */; };
/* End PBXBuildFile section */

/* Begin PBXContainerItemProxy section */
		8647468825ADF57800D90AF9 /* PBXContainerItemProxy */ = {
			isa = PBXContainerItemProxy;
			containerPortal = 8647466925ADF57500D90AF9 /* Project object */;
			proxyType = 1;
			remoteGlobalIDString = 8647467025ADF57500D90AF9;
			remoteInfo = ex6.12;
		};
		8647469325ADF57800D90AF9 /* PBXContainerItemProxy */ = {
			isa = PBXContainerItemProxy;
			containerPortal = 8647466925ADF57500D90AF9 /* Project object */;
			proxyType = 1;
			remoteGlobalIDString = 8647467025ADF57500D90AF9;
			remoteInfo = ex6.12;
		};
/* End PBXContainerItemProxy section */

/* Begin PBXFileReference section */
		8647467125ADF57500D90AF9 /* ex6.12.app */ = {isa = PBXFileReference; explicitFileType = wrapper.application; includeInIndex = 0; path = ex6.12.app; sourceTree = BUILT_PRODUCTS_DIR; };
		8647467425ADF57500D90AF9 /* AppDelegate.swift */ = {isa = PBXFileReference; lastKnownFileType = sourcecode.swift; path = AppDelegate.swift; sourceTree = "<group>"; };
		8647467625ADF57500D90AF9 /* SceneDelegate.swift */ = {isa = PBXFileReference; lastKnownFileType = sourcecode.swift; path = SceneDelegate.swift; sourceTree = "<group>"; };
		8647467825ADF57500D90AF9 /* ViewController.swift */ = {isa = PBXFileReference; lastKnownFileType = sourcecode.swift; path = ViewController.swift; sourceTree = "<group>"; };
		8647467B25ADF57500D90AF9 /* Base */ = {isa = PBXFileReference; lastKnownFileType = file.storyboard; name = Base; path = Base.lproj/Main.storyboard; sourceTree = "<group>"; };
		8647467D25ADF57800D90AF9 /* Assets.xcassets */ = {isa = PBXFileReference; lastKnownFileType = folder.assetcatalog; path = Assets.xcassets; sourceTree = "<group>"; };
		8647468025ADF57800D90AF9 /* Base */ = {isa = PBXFileReference; lastKnownFileType = file.storyboard; name = Base; path = Base.lproj/LaunchScreen.storyboard; sourceTree = "<group>"; };
		8647468225ADF57800D90AF9 /* Info.plist */ = {isa = PBXFileReference; lastKnownFileType = text.plist.xml; path = Info.plist; sourceTree = "<group>"; };
		8647468725ADF57800D90AF9 /* ex6.12Tests.xctest */ = {isa = PBXFileReference; explicitFileType = wrapper.cfbundle; includeInIndex = 0; path = ex6.12Tests.xctest; sourceTree = BUILT_PRODUCTS_DIR; };
		8647469225ADF57800D90AF9 /* ex6.12UITests.xctest */ = {isa = PBXFileReference; explicitFileType = wrapper.cfbundle; includeInIndex = 0; path = ex6.12UITests.xctest; sourceTree = BUILT_PRODUCTS_DIR; };
/* End PBXFileReference section */

/* Begin PBXFrameworksBuildPhase section */
		8647466E25ADF57500D90AF9 /* Frameworks */ = {
			isa = PBXFrameworksBuildPhase;
			buildActionMask = 2147483647;
			files = (
			);
			runOnlyForDeploymentPostprocessing = 0;
		};
		8647468425ADF57800D90AF9 /* Frameworks */ = {
			isa = PBXFrameworksBuildPhase;
			buildActionMask = 2147483647;
			files = (
			);
			runOnlyForDeploymentPostprocessing = 0;
		};
		8647468F25ADF57800D90AF9 /* Frameworks */ = {
			isa = PBXFrameworksBuildPhase;
			buildActionMask = 2147483647;
			files = (
			);
			runOnlyForDeploymentPostprocessing = 0;
		};
/* End PBXFrameworksBuildPhase section */

/* Begin PBXGroup section */
		8647466825ADF57500D90AF9 = {
			isa = PBXGroup;
			children = (
				8647467325ADF57500D90AF9 /* ex6.12 */,
				8647467225ADF57500D90AF9 /* Products */,
			);
			sourceTree = "<group>";
		};
		8647467225ADF57500D90AF9 /* Products */ = {
			isa = PBXGroup;
			children = (
				8647467125ADF57500D90AF9 /* ex6.12.app */,
				8647468725ADF57800D90AF9 /* ex6.12Tests.xctest */,
				8647469225ADF57800D90AF9 /* ex6.12UITests.xctest */,
			);
			name = Products;
			sourceTree = "<group>";
		};
		8647467325ADF57500D90AF9 /* ex6.12 */ = {
			isa = PBXGroup;
			children = (
				8647467425ADF57500D90AF9 /* AppDelegate.swift */,
				8647467625ADF57500D90AF9 /* SceneDelegate.swift */,
				8647467825ADF57500D90AF9 /* ViewController.swift */,
				8647467A25ADF57500D90AF9 /* Main.storyboard */,
				8647467D25ADF57800D90AF9 /* Assets.xcassets */,
				8647467F25ADF57800D90AF9 /* LaunchScreen.storyboard */,
				8647468225ADF57800D90AF9 /* Info.plist */,
			);
			path = ex6.12;
			sourceTree = "<group>";
		};
/* End PBXGroup section */

/* Begin PBXNativeTarget section */
		8647467025ADF57500D90AF9 /* ex6.12 */ = {
			isa = PBXNativeTarget;
			buildConfigurationList = 8647469B25ADF57800D90AF9 /* Build configuration list for PBXNativeTarget "ex6.12" */;
			buildPhases = (
				8647466D25ADF57500D90AF9 /* Sources */,
				8647466E25ADF57500D90AF9 /* Frameworks */,
				8647466F25ADF57500D90AF9 /* Resources */,
			);
			buildRules = (
			);
			dependencies = (
			);
			name = ex6.12;
			productName = ex6.12;
			productReference = 8647467125ADF57500D90AF9 /* ex6.12.app */;
			productType = "com.apple.product-type.application";
		};
		8647468625ADF57800D90AF9 /* ex6.12Tests */ = {
			isa = PBXNativeTarget;
			buildConfigurationList = 8647469E25ADF57800D90AF9 /* Build configuration list for PBXNativeTarget "ex6.12Tests" */;
			buildPhases = (
				8647468325ADF57800D90AF9 /* Sources */,
				8647468425ADF57800D90AF9 /* Frameworks */,
				8647468525ADF57800D90AF9 /* Resources */,
			);
			buildRules = (
			);
			dependencies = (
				8647468925ADF57800D90AF9 /* PBXTargetDependency */,
			);
			name = ex6.12Tests;
			productName = ex6.12Tests;
			productReference = 8647468725ADF57800D90AF9 /* ex6.12Tests.xctest */;
			productType = "com.apple.product-type.bundle.unit-test";
		};
		8647469125ADF57800D90AF9 /* ex6.12UITests */ = {
			isa = PBXNativeTarget;
			buildConfigurationList = 864746A125ADF57800D90AF9 /* Build configuration list for PBXNativeTarget "ex6.12UITests" */;
			buildPhases = (
				8647468E25ADF57800D90AF9 /* Sources */,
				8647468F25ADF57800D90AF9 /* Frameworks */,
				8647469025ADF57800D90AF9 /* Resources */,
			);
			buildRules = (
			);
			dependencies = (
				8647469425ADF57800D90AF9 /* PBXTargetDependency */,
			);
			name = ex6.12UITests;
			productName = ex6.12UITests;
			productReference = 8647469225ADF57800D90AF9 /* ex6.12UITests.xctest */;
			productType = "com.apple.product-type.bundle.ui-testing";
		};
/* End PBXNativeTarget section */

/* Begin PBXProject section */
		8647466925ADF57500D90AF9 /* Project object */ = {
			isa = PBXProject;
			attributes = {
				LastSwiftUpdateCheck = 1230;
				LastUpgradeCheck = 1230;
				TargetAttributes = {
					8647467025ADF57500D90AF9 = {
						CreatedOnToolsVersion = 12.3;
					};
					8647468625ADF57800D90AF9 = {
						CreatedOnToolsVersion = 12.3;
						TestTargetID = 8647467025ADF57500D90AF9;
					};
					8647469125ADF57800D90AF9 = {
						CreatedOnToolsVersion = 12.3;
						TestTargetID = 8647467025ADF57500D90AF9;
					};
				};
			};
			buildConfigurationList = 8647466C25ADF57500D90AF9 /* Build configuration list for PBXProject "ex6.12" */;
			compatibilityVersion = "Xcode 9.3";
			developmentRegion = en;
			hasScannedForEncodings = 0;
			knownRegions = (
				en,
				Base,
			);
			mainGroup = 8647466825ADF57500D90AF9;
			productRefGroup = 8647467225ADF57500D90AF9 /* Products */;
			projectDirPath = "";
			projectRoot = "";
			targets = (
				8647467025ADF57500D90AF9 /* ex6.12 */,
				8647468625ADF57800D90AF9 /* ex6.12Tests */,
				8647469125ADF57800D90AF9 /* ex6.12UITests */,
			);
		};
/* End PBXProject section */

/* Begin PBXResourcesBuildPhase section */
		8647466F25ADF57500D90AF9 /* Resources */ = {
			isa = PBXResourcesBuildPhase;
			buildActionMask = 2147483647;
			files = (
				8647468125ADF57800D90AF9 /* LaunchScreen.storyboard in Resources */,
				8647467E25ADF57800D90AF9 /* Assets.xcassets in Resources */,
				8647467C25ADF57500D90AF9 /* Main.storyboard in Resources */,
			);
			runOnlyForDeploymentPostprocessing = 0;
		};
		8647468525ADF57800D90AF9 /* Resources */ = {
			isa = PBXResourcesBuildPhase;
			buildActionMask = 2147483647;
			files = (
			);
			runOnlyForDeploymentPostprocessing = 0;
		};
		8647469025ADF57800D90AF9 /* Resources */ = {
			isa = PBXResourcesBuildPhase;
			buildActionMask = 2147483647;
			files = (
			);
			runOnlyForDeploymentPostprocessing = 0;
		};
/* End PBXResourcesBuildPhase section */

/* Begin PBXSourcesBuildPhase section */
		8647466D25ADF57500D90AF9 /* Sources */ = {
			isa = PBXSourcesBuildPhase;
			buildActionMask = 2147483647;
			files = (
				8647467925ADF57500D90AF9 /* ViewController.swift in Sources */,
				8647467525ADF57500D90AF9 /* AppDelegate.swift in Sources */,
				8647467725ADF57500D90AF9 /* SceneDelegate.swift in Sources */,
			);
			runOnlyForDeploymentPostprocessing = 0;
		};
		8647468325ADF57800D90AF9 /* Sources */ = {
			isa = PBXSourcesBuildPhase;
			buildActionMask = 2147483647;
			files = (
			);
			runOnlyForDeploymentPostprocessing = 0;
		};
		8647468E25ADF57800D90AF9 /* Sources */ = {
			isa = PBXSourcesBuildPhase;
			buildActionMask = 2147483647;
			files = (
			);
			runOnlyForDeploymentPostprocessing = 0;
		};
/* End PBXSourcesBuildPhase section */

/* Begin PBXTargetDependency section */
		8647468925ADF57800D90AF9 /* PBXTargetDependency */ = {
			isa = PBXTargetDependency;
			target = 8647467025ADF57500D90AF9 /* ex6.12 */;
			targetProxy = 8647468825ADF57800D90AF9 /* PBXContainerItemProxy */;
		};
		8647469425ADF57800D90AF9 /* PBXTargetDependency */ = {
			isa = PBXTargetDependency;
			target = 8647467025ADF57500D90AF9 /* ex6.12 */;
			targetProxy = 8647469325ADF57800D90AF9 /* PBXContainerItemProxy */;
		};
/* End PBXTargetDependency section */

/* Begin PBXVariantGroup section */
		8647467A25ADF57500D90AF9 /* Main.storyboard */ = {
			isa = PBXVariantGroup;
			children = (
				8647467B25ADF57500D90AF9 /* Base */,
			);
			name = Main.storyboard;
			sourceTree = "<group>";
		};
		8647467F25ADF57800D90AF9 /* LaunchScreen.storyboard */ = {
			isa = PBXVariantGroup;
			children = (
				8647468025ADF57800D90AF9 /* Base */,
			);
			name = LaunchScreen.storyboard;
			sourceTree = "<group>";
		};
/* End PBXVariantGroup section */

/* Begin XCBuildConfiguration section */
		8647469925ADF57800D90AF9 /* Debug */ = {
			isa = XCBuildConfiguration;
			buildSettings = {
				ALWAYS_SEARCH_USER_PATHS = NO;
				CLANG_ANALYZER_NONNULL = YES;
				CLANG_ANALYZER_NUMBER_OBJECT_CONVERSION = YES_AGGRESSIVE;
				CLANG_CXX_LANGUAGE_STANDARD = "gnu++14";
				CLANG_CXX_LIBRARY = "libc++";
				CLANG_ENABLE_MODULES = YES;
				CLANG_ENABLE_OBJC_ARC = YES;
				CLANG_ENABLE_OBJC_WEAK = YES;
				CLANG_WARN_BLOCK_CAPTURE_AUTORELEASING = YES;
				CLANG_WARN_BOOL_CONVERSION = YES;
				CLANG_WARN_COMMA = YES;
				CLANG_WARN_CONSTANT_CONVERSION = YES;
				CLANG_WARN_DEPRECATED_OBJC_IMPLEMENTATIONS = YES;
				CLANG_WARN_DIRECT_OBJC_ISA_USAGE = YES_ERROR;
				CLANG_WARN_DOCUMENTATION_COMMENTS = YES;
				CLANG_WARN_EMPTY_BODY = YES;
				CLANG_WARN_ENUM_CONVERSION = YES;
				CLANG_WARN_INFINITE_RECURSION = YES;
				CLANG_WARN_INT_CONVERSION = YES;
				CLANG_WARN_NON_LITERAL_NULL_CONVERSION = YES;
				CLANG_WARN_OBJC_IMPLICIT_RETAIN_SELF = YES;
				CLANG_WARN_OBJC_LITERAL_CONVERSION = YES;
				CLANG_WARN_OBJC_ROOT_CLASS = YES_ERROR;
				CLANG_WARN_QUOTED_INCLUDE_IN_FRAMEWORK_HEADER = YES;
				CLANG_WARN_RANGE_LOOP_ANALYSIS = YES;
				CLANG_WARN_STRICT_PROTOTYPES = YES;
				CLANG_WARN_SUSPICIOUS_MOVE = YES;
				CLANG_WARN_UNGUARDED_AVAILABILITY = YES_AGGRESSIVE;
				CLANG_WARN_UNREACHABLE_CODE = YES;
				CLANG_WARN__DUPLICATE_METHOD_MATCH = YES;
				COPY_PHASE_STRIP = NO;
				DEBUG_INFORMATION_FORMAT = dwarf;
				ENABLE_STRICT_OBJC_MSGSEND = YES;
				ENABLE_TESTABILITY = YES;
				GCC_C_LANGUAGE_STANDARD = gnu11;
				GCC_DYNAMIC_NO_PIC = NO;
				GCC_NO_COMMON_BLOCKS = YES;
				GCC_OPTIMIZATION_LEVEL = 0;
				GCC_PREPROCESSOR_DEFINITIONS = (
					"DEBUG=1",
					"$(inherited)",
				);
				GCC_WARN_64_TO_32_BIT_CONVERSION = YES;
				GCC_WARN_ABOUT_RETURN_TYPE = YES_ERROR;
				GCC_WARN_UNDECLARED_SELECTOR = YES;
				GCC_WARN_UNINITIALIZED_AUTOS = YES_AGGRESSIVE;
				GCC_WARN_UNUSED_FUNCTION = YES;
				GCC_WARN_UNUSED_VARIABLE = YES;
				IPHONEOS_DEPLOYMENT_TARGET = 14.3;
				MTL_ENABLE_DEBUG_INFO = INCLUDE_SOURCE;
				MTL_FAST_MATH = YES;
				ONLY_ACTIVE_ARCH = YES;
				SDKROOT = iphoneos;
				SWIFT_ACTIVE_COMPILATION_CONDITIONS = DEBUG;
				SWIFT_OPTIMIZATION_LEVEL = "-Onone";
			};
			name = Debug;
		};
		8647469A25ADF57800D90AF9 /* Release */ = {
			isa = XCBuildConfiguration;
			buildSettings = {
				ALWAYS_SEARCH_USER_PATHS = NO;
				CLANG_ANALYZER_NONNULL = YES;
				CLANG_ANALYZER_NUMBER_OBJECT_CONVERSION = YES_AGGRESSIVE;
				CLANG_CXX_LANGUAGE_STANDARD = "gnu++14";
				CLANG_CXX_LIBRARY = "libc++";
				CLANG_ENABLE_MODULES = YES;
				CLANG_ENABLE_OBJC_ARC = YES;
				CLANG_ENABLE_OBJC_WEAK = YES;
				CLANG_WARN_BLOCK_CAPTURE_AUTORELEASING = YES;
				CLANG_WARN_BOOL_CONVERSION = YES;
				CLANG_WARN_COMMA = YES;
				CLANG_WARN_CONSTANT_CONVERSION = YES;
				CLANG_WARN_DEPRECATED_OBJC_IMPLEMENTATIONS = YES;
				CLANG_WARN_DIRECT_OBJC_ISA_USAGE = YES_ERROR;
				CLANG_WARN_DOCUMENTATION_COMMENTS = YES;
				CLANG_WARN_EMPTY_BODY = YES;
				CLANG_WARN_ENUM_CONVERSION = YES;
				CLANG_WARN_INFINITE_RECURSION = YES;
				CLANG_WARN_INT_CONVERSION = YES;
				CLANG_WARN_NON_LITERAL_NULL_CONVERSION = YES;
				CLANG_WARN_OBJC_IMPLICIT_RETAIN_SELF = YES;
				CLANG_WARN_OBJC_LITERAL_CONVERSION = YES;
				CLANG_WARN_OBJC_ROOT_CLASS = YES_ERROR;
				CLANG_WARN_QUOTED_INCLUDE_IN_FRAMEWORK_HEADER = YES;
				CLANG_WARN_RANGE_LOOP_ANALYSIS = YES;
				CLANG_WARN_STRICT_PROTOTYPES = YES;
				CLANG_WARN_SUSPICIOUS_MOVE = YES;
				CLANG_WARN_UNGUARDED_AVAILABILITY = YES_AGGRESSIVE;
				CLANG_WARN_UNREACHABLE_CODE = YES;
				CLANG_WARN__DUPLICATE_METHOD_MATCH = YES;
				COPY_PHASE_STRIP = NO;
				DEBUG_INFORMATION_FORMAT = "dwarf-with-dsym";
				ENABLE_NS_ASSERTIONS = NO;
				ENABLE_STRICT_OBJC_MSGSEND = YES;
				GCC_C_LANGUAGE_STANDARD = gnu11;
				GCC_NO_COMMON_BLOCKS = YES;
				GCC_WARN_64_TO_32_BIT_CONVERSION = YES;
				GCC_WARN_ABOUT_RETURN_TYPE = YES_ERROR;
				GCC_WARN_UNDECLARED_SELECTOR = YES;
				GCC_WARN_UNINITIALIZED_AUTOS = YES_AGGRESSIVE;
				GCC_WARN_UNUSED_FUNCTION = YES;
				GCC_WARN_UNUSED_VARIABLE = YES;
				IPHONEOS_DEPLOYMENT_TARGET = 14.3;
				MTL_ENABLE_DEBUG_INFO = NO;
				MTL_FAST_MATH = YES;
				SDKROOT = iphoneos;
				SWIFT_COMPILATION_MODE = wholemodule;
				SWIFT_OPTIMIZATION_LEVEL = "-O";
				VALIDATE_PRODUCT = YES;
			};
			name = Release;
		};
		8647469C25ADF57800D90AF9 /* Debug */ = {
			isa = XCBuildConfiguration;
			buildSettings = {
				ASSETCATALOG_COMPILER_APPICON_NAME = AppIcon;
				ASSETCATALOG_COMPILER_GLOBAL_ACCENT_COLOR_NAME = AccentColor;
				CODE_SIGN_STYLE = Automatic;
				INFOPLIST_FILE = ex6.12/Info.plist;
				LD_RUNPATH_SEARCH_PATHS = (
					"$(inherited)",
					"@executable_path/Frameworks",
				);
				PRODUCT_BUNDLE_IDENTIFIER = "-65scores.ex6-12";
				PRODUCT_NAME = "$(TARGET_NAME)";
				SWIFT_VERSION = 5.0;
				TARGETED_DEVICE_FAMILY = "1,2";
			};
			name = Debug;
		};
		8647469D25ADF57800D90AF9 /* Release */ = {
			isa = XCBuildConfiguration;
			buildSettings = {
				ASSETCATALOG_COMPILER_APPICON_NAME = AppIcon;
				ASSETCATALOG_COMPILER_GLOBAL_ACCENT_COLOR_NAME = AccentColor;
				CODE_SIGN_STYLE = Automatic;
				INFOPLIST_FILE = ex6.12/Info.plist;
				LD_RUNPATH_SEARCH_PATHS = (
					"$(inherited)",
					"@executable_path/Frameworks",
				);
				PRODUCT_BUNDLE_IDENTIFIER = "-65scores.ex6-12";
				PRODUCT_NAME = "$(TARGET_NAME)";
				SWIFT_VERSION = 5.0;
				TARGETED_DEVICE_FAMILY = "1,2";
			};
			name = Release;
		};
		8647469F25ADF57800D90AF9 /* Debug */ = {
			isa = XCBuildConfiguration;
			buildSettings = {
				ALWAYS_EMBED_SWIFT_STANDARD_LIBRARIES = YES;
				BUNDLE_LOADER = "$(TEST_HOST)";
				CODE_SIGN_STYLE = Automatic;
				INFOPLIST_FILE = ex6.12Tests/Info.plist;
				IPHONEOS_DEPLOYMENT_TARGET = 14.3;
				LD_RUNPATH_SEARCH_PATHS = (
					"$(inherited)",
					"@executable_path/Frameworks",
					"@loader_path/Frameworks",
				);
				PRODUCT_BUNDLE_IDENTIFIER = "-65scores.ex6-12Tests";
				PRODUCT_NAME = "$(TARGET_NAME)";
				SWIFT_VERSION = 5.0;
				TARGETED_DEVICE_FAMILY = "1,2";
				TEST_HOST = "$(BUILT_PRODUCTS_DIR)/ex6.12.app/ex6.12";
			};
			name = Debug;
		};
		864746A025ADF57800D90AF9 /* Release */ = {
			isa = XCBuildConfiguration;
			buildSettings = {
				ALWAYS_EMBED_SWIFT_STANDARD_LIBRARIES = YES;
				BUNDLE_LOADER = "$(TEST_HOST)";
				CODE_SIGN_STYLE = Automatic;
				INFOPLIST_FILE = ex6.12Tests/Info.plist;
				IPHONEOS_DEPLOYMENT_TARGET = 14.3;
				LD_RUNPATH_SEARCH_PATHS = (
					"$(inherited)",
					"@executable_path/Frameworks",
					"@loader_path/Frameworks",
				);
				PRODUCT_BUNDLE_IDENTIFIER = "-65scores.ex6-12Tests";
				PRODUCT_NAME = "$(TARGET_NAME)";
				SWIFT_VERSION = 5.0;
				TARGETED_DEVICE_FAMILY = "1,2";
				TEST_HOST = "$(BUILT_PRODUCTS_DIR)/ex6.12.app/ex6.12";
			};
			name = Release;
		};
		864746A225ADF57800D90AF9 /* Debug */ = {
			isa = XCBuildConfiguration;
			buildSettings = {
				ALWAYS_EMBED_SWIFT_STANDARD_LIBRARIES = YES;
				CODE_SIGN_STYLE = Automatic;
				INFOPLIST_FILE = ex6.12UITests/Info.plist;
				LD_RUNPATH_SEARCH_PATHS = (
					"$(inherited)",
					"@executable_path/Frameworks",
					"@loader_path/Frameworks",
				);
				PRODUCT_BUNDLE_IDENTIFIER = "-65scores.ex6-12UITests";
				PRODUCT_NAME = "$(TARGET_NAME)";
				SWIFT_VERSION = 5.0;
				TARGETED_DEVICE_FAMILY = "1,2";
				TEST_TARGET_NAME = ex6.12;
			};
			name = Debug;
		};
		864746A325ADF57800D90AF9 /* Release */ = {
			isa = XCBuildConfiguration;
			buildSettings = {
				ALWAYS_EMBED_SWIFT_STANDARD_LIBRARIES = YES;
				CODE_SIGN_STYLE = Automatic;
				INFOPLIST_FILE = ex6.12UITests/Info.plist;
				LD_RUNPATH_SEARCH_PATHS = (
					"$(inherited)",
					"@executable_path/Frameworks",
					"@loader_path/Frameworks",
				);
				PRODUCT_BUNDLE_IDENTIFIER = "-65scores.ex6-12UITests";
				PRODUCT_NAME = "$(TARGET_NAME)";
				SWIFT_VERSION = 5.0;
				TARGETED_DEVICE_FAMILY = "1,2";
				TEST_TARGET_NAME = ex6.12;
			};
			name = Release;
		};
/* End XCBuildConfiguration section */

/* Begin XCConfigurationList section */
		8647466C25ADF57500D90AF9 /* Build configuration list for PBXProject "ex6.12" */ = {
			isa = XCConfigurationList;
			buildConfigurations = (
				8647469925ADF57800D90AF9 /* Debug */,
				8647469A25ADF57800D90AF9 /* Release */,
			);
			defaultConfigurationIsVisible = 0;
			defaultConfigurationName = Release;
		};
		8647469B25ADF57800D90AF9 /* Build configuration list for PBXNativeTarget "ex6.12" */ = {
			isa = XCConfigurationList;
			buildConfigurations = (
				8647469C25ADF57800D90AF9 /* Debug */,
				8647469D25ADF57800D90AF9 /* Release */,
			);
			defaultConfigurationIsVisible = 0;
			defaultConfigurationName = Release;
		};
		8647469E25ADF57800D90AF9 /* Build configuration list for PBXNativeTarget "ex6.12Tests" */ = {
			isa = XCConfigurationList;
			buildConfigurations = (
				8647469F25ADF57800D90AF9 /* Debug */,
				864746A025ADF57800D90AF9 /* Release */,
			);
			defaultConfigurationIsVisible = 0;
			defaultConfigurationName = Release;
		};
		864746A125ADF57800D90AF9 /* Build configuration list for PBXNativeTarget "ex6.12UITests" */ = {
			isa = XCConfigurationList;
			buildConfigurations = (
				864746A225ADF57800D90AF9 /* Debug */,
				864746A325ADF57800D90AF9 /* Release */,
			);
			defaultConfigurationIsVisible = 0;
			defaultConfigurationName = Release;
		};
/* End XCConfigurationList section */
	};
	rootObject = 8647466925ADF57500D90AF9 /* Project object */;
}
